
Microsoft Visual Studio Solution File, Format Version 12.00
# Visual Studio Version 16
VisualStudioVersion = 16.0.30523.141
MinimumVisualStudioVersion = 10.0.40219.1
Project("{FAE04EC0-301F-11D3-BF4B-00C04F79EFBC}") = "basic_01_hello_world", "basic_01_hello_world\basic_01_hello_world.csproj", "{2EEB98F4-7661-497B-BB9C-F8517BF53FF2}"
EndProject
Global
	GlobalSection(SolutionConfigurationPlatforms) = preSolution
		Debug|Any CPU = Debug|Any CPU
		Release|Any CPU = Release|Any CPU
	EndGlobalSection
	GlobalSection(ProjectConfigurationPlatforms) = postSolution
		{2EEB98F4-7661-497B-BB9C-F8517BF53FF2}.Debug|Any CPU.ActiveCfg = Debug|Any CPU
		{2EEB98F4-7661-497B-BB9C-F8517BF53FF2}.Debug|Any CPU.Build.0 = Debug|Any CPU
		{2EEB98F4-7661-497B-BB9C-F8517BF53FF2}.Release|Any CPU.ActiveCfg = Release|Any CPU
		{2EEB98F4-7661-497B-BB9C-F8517BF53FF2}.Release|Any CPU.Build.0 = Release|Any CPU
	EndGlobalSection
	GlobalSection(SolutionProperties) = preSolution
		HideSolutionNode = FALSE
	EndGlobalSection
	GlobalSection(ExtensibilityGlobals) = postSolution
		SolutionGuid = {5057E3F0-D7BE-4F22-9240-63BA99F116D0}
	EndGlobalSection
EndGlobal
