
Microsoft Visual Studio Solution File, Format Version 12.00
# Visual Studio Version 16
VisualStudioVersion = 16.0.30523.141
MinimumVisualStudioVersion = 10.0.40219.1
Project("{FAE04EC0-301F-11D3-BF4B-00C04F79EFBC}") = "basic_05_enum", "basic_05_enum\basic_05_enum.csproj", "{D2B8CF43-7548-4CF8-811D-30EC45888549}"
EndProject
Global
	GlobalSection(SolutionConfigurationPlatforms) = preSolution
		Debug|Any CPU = Debug|Any CPU
		Release|Any CPU = Release|Any CPU
	EndGlobalSection
	GlobalSection(ProjectConfigurationPlatforms) = postSolution
		{D2B8CF43-7548-4CF8-811D-30EC45888549}.Debug|Any CPU.ActiveCfg = Debug|Any CPU
		{D2B8CF43-7548-4CF8-811D-30EC45888549}.Debug|Any CPU.Build.0 = Debug|Any CPU
		{D2B8CF43-7548-4CF8-811D-30EC45888549}.Release|Any CPU.ActiveCfg = Release|Any CPU
		{D2B8CF43-7548-4CF8-811D-30EC45888549}.Release|Any CPU.Build.0 = Release|Any CPU
	EndGlobalSection
	GlobalSection(SolutionProperties) = preSolution
		HideSolutionNode = FALSE
	EndGlobalSection
	GlobalSection(ExtensibilityGlobals) = postSolution
		SolutionGuid = {C2B5E107-6520-4B37-B13B-64F4D47B4CC2}
	EndGlobalSection
EndGlobal
