
Microsoft Visual Studio Solution File, Format Version 12.00
# Visual Studio Version 16
VisualStudioVersion = 16.0.30523.141
MinimumVisualStudioVersion = 10.0.40219.1
Project("{FAE04EC0-301F-11D3-BF4B-00C04F79EFBC}") = "basic_11_exception", "basic_11_exception\basic_11_exception.csproj", "{D064C22C-FB63-440A-8ECF-8CB4F3D91A29}"
EndProject
Global
	GlobalSection(SolutionConfigurationPlatforms) = preSolution
		Debug|Any CPU = Debug|Any CPU
		Release|Any CPU = Release|Any CPU
	EndGlobalSection
	GlobalSection(ProjectConfigurationPlatforms) = postSolution
		{D064C22C-FB63-440A-8ECF-8CB4F3D91A29}.Debug|Any CPU.ActiveCfg = Debug|Any CPU
		{D064C22C-FB63-440A-8ECF-8CB4F3D91A29}.Debug|Any CPU.Build.0 = Debug|Any CPU
		{D064C22C-FB63-440A-8ECF-8CB4F3D91A29}.Release|Any CPU.ActiveCfg = Release|Any CPU
		{D064C22C-FB63-440A-8ECF-8CB4F3D91A29}.Release|Any CPU.Build.0 = Release|Any CPU
	EndGlobalSection
	GlobalSection(SolutionProperties) = preSolution
		HideSolutionNode = FALSE
	EndGlobalSection
	GlobalSection(ExtensibilityGlobals) = postSolution
		SolutionGuid = {B36C397E-B715-4A85-B136-36191F7E0A35}
	EndGlobalSection
EndGlobal
