
Microsoft Visual Studio Solution File, Format Version 12.00
# Visual Studio Version 16
VisualStudioVersion = 16.0.30523.141
MinimumVisualStudioVersion = 10.0.40219.1
Project("{FAE04EC0-301F-11D3-BF4B-00C04F79EFBC}") = "basic_08_loop", "basic_08_loop\basic_08_loop.csproj", "{C703778C-84A6-49E0-86A8-7E444BEAC4EF}"
EndProject
Global
	GlobalSection(SolutionConfigurationPlatforms) = preSolution
		Debug|Any CPU = Debug|Any CPU
		Release|Any CPU = Release|Any CPU
	EndGlobalSection
	GlobalSection(ProjectConfigurationPlatforms) = postSolution
		{C703778C-84A6-49E0-86A8-7E444BEAC4EF}.Debug|Any CPU.ActiveCfg = Debug|Any CPU
		{C703778C-84A6-49E0-86A8-7E444BEAC4EF}.Debug|Any CPU.Build.0 = Debug|Any CPU
		{C703778C-84A6-49E0-86A8-7E444BEAC4EF}.Release|Any CPU.ActiveCfg = Release|Any CPU
		{C703778C-84A6-49E0-86A8-7E444BEAC4EF}.Release|Any CPU.Build.0 = Release|Any CPU
	EndGlobalSection
	GlobalSection(SolutionProperties) = preSolution
		HideSolutionNode = FALSE
	EndGlobalSection
	GlobalSection(ExtensibilityGlobals) = postSolution
		SolutionGuid = {6ABA5056-CA54-400F-8CDB-FB84B8A55864}
	EndGlobalSection
EndGlobal
